
Microsoft Visual Studio Solution File, Format Version 12.00
# Visual Studio Version 16
VisualStudioVersion = 16.0.31410.357
MinimumVisualStudioVersion = 10.0.40219.1
Project("{FAE04EC0-301F-11D3-BF4B-00C04F79EFBC}") = "WinQuestion", "WinQuestion\WinQuestion.csproj", "{6978338C-4F49-4356-8BE2-72A262F0BD65}"
EndProject
Project("{FAE04EC0-301F-11D3-BF4B-00C04F79EFBC}") = "WorkingWithLists", "WorkingWithLists\WorkingWithLists.csproj", "{7825753D-B5EE-4790-98CC-CB6F968BD862}"
EndProject
Project("{FAE04EC0-301F-11D3-BF4B-00C04F79EFBC}") = "WinContainer", "WinContainer\WinContainer.csproj", "{49FF0ACB-8DB2-4EA9-AE47-8F2AFF32A49F}"
EndProject
Project("{FAE04EC0-301F-11D3-BF4B-00C04F79EFBC}") = "BiblWorm", "BiblWorm\BiblWorm.csproj", "{6AC87EC5-E370-4770-AFCB-BD2803928052}"
EndProject
Global
	GlobalSection(SolutionConfigurationPlatforms) = preSolution
		Debug|Any CPU = Debug|Any CPU
		Release|Any CPU = Release|Any CPU
	EndGlobalSection
	GlobalSection(ProjectConfigurationPlatforms) = postSolution
		{6978338C-4F49-4356-8BE2-72A262F0BD65}.Debug|Any CPU.ActiveCfg = Debug|Any CPU
		{6978338C-4F49-4356-8BE2-72A262F0BD65}.Debug|Any CPU.Build.0 = Debug|Any CPU
		{6978338C-4F49-4356-8BE2-72A262F0BD65}.Release|Any CPU.ActiveCfg = Release|Any CPU
		{6978338C-4F49-4356-8BE2-72A262F0BD65}.Release|Any CPU.Build.0 = Release|Any CPU
		{7825753D-B5EE-4790-98CC-CB6F968BD862}.Debug|Any CPU.ActiveCfg = Debug|Any CPU
		{7825753D-B5EE-4790-98CC-CB6F968BD862}.Debug|Any CPU.Build.0 = Debug|Any CPU
		{7825753D-B5EE-4790-98CC-CB6F968BD862}.Release|Any CPU.ActiveCfg = Release|Any CPU
		{7825753D-B5EE-4790-98CC-CB6F968BD862}.Release|Any CPU.Build.0 = Release|Any CPU
		{49FF0ACB-8DB2-4EA9-AE47-8F2AFF32A49F}.Debug|Any CPU.ActiveCfg = Debug|Any CPU
		{49FF0ACB-8DB2-4EA9-AE47-8F2AFF32A49F}.Debug|Any CPU.Build.0 = Debug|Any CPU
		{49FF0ACB-8DB2-4EA9-AE47-8F2AFF32A49F}.Release|Any CPU.ActiveCfg = Release|Any CPU
		{49FF0ACB-8DB2-4EA9-AE47-8F2AFF32A49F}.Release|Any CPU.Build.0 = Release|Any CPU
		{6AC87EC5-E370-4770-AFCB-BD2803928052}.Debug|Any CPU.ActiveCfg = Debug|Any CPU
		{6AC87EC5-E370-4770-AFCB-BD2803928052}.Debug|Any CPU.Build.0 = Debug|Any CPU
		{6AC87EC5-E370-4770-AFCB-BD2803928052}.Release|Any CPU.ActiveCfg = Release|Any CPU
		{6AC87EC5-E370-4770-AFCB-BD2803928052}.Release|Any CPU.Build.0 = Release|Any CPU
	EndGlobalSection
	GlobalSection(SolutionProperties) = preSolution
		HideSolutionNode = FALSE
	EndGlobalSection
	GlobalSection(ExtensibilityGlobals) = postSolution
		SolutionGuid = {8E024055-4234-4DE2-A88E-6978D09DC22F}
	EndGlobalSection
EndGlobal
