
Microsoft Visual Studio Solution File, Format Version 12.00
# Visual Studio Version 16
VisualStudioVersion = 16.0.31410.357
MinimumVisualStudioVersion = 10.0.40219.1
Project("{FAE04EC0-301F-11D3-BF4B-00C04F79EFBC}") = "Unmanaged.Excel", "Unmanaged.Excel\Unmanaged.Excel.csproj", "{785FF625-45C7-4F55-8CEA-9CB2CE11AD0F}"
EndProject
Global
	GlobalSection(SolutionConfigurationPlatforms) = preSolution
		Debug|Any CPU = Debug|Any CPU
		Release|Any CPU = Release|Any CPU
	EndGlobalSection
	GlobalSection(ProjectConfigurationPlatforms) = postSolution
		{785FF625-45C7-4F55-8CEA-9CB2CE11AD0F}.Debug|Any CPU.ActiveCfg = Debug|Any CPU
		{785FF625-45C7-4F55-8CEA-9CB2CE11AD0F}.Debug|Any CPU.Build.0 = Debug|Any CPU
		{785FF625-45C7-4F55-8CEA-9CB2CE11AD0F}.Release|Any CPU.ActiveCfg = Release|Any CPU
		{785FF625-45C7-4F55-8CEA-9CB2CE11AD0F}.Release|Any CPU.Build.0 = Release|Any CPU
	EndGlobalSection
	GlobalSection(SolutionProperties) = preSolution
		HideSolutionNode = FALSE
	EndGlobalSection
	GlobalSection(ExtensibilityGlobals) = postSolution
		SolutionGuid = {7043CAE6-0CED-40C5-943C-616126E394FD}
	EndGlobalSection
EndGlobal
