
Microsoft Visual Studio Solution File, Format Version 12.00
# Visual Studio Version 16
VisualStudioVersion = 16.0.31410.357
MinimumVisualStudioVersion = 10.0.40219.1
Project("{FAE04EC0-301F-11D3-BF4B-00C04F79EFBC}") = "WPFHello", "WPFHello\WPFHello.csproj", "{E7600843-9A39-4650-B051-12570F0BC560}"
EndProject
Project("{FAE04EC0-301F-11D3-BF4B-00C04F79EFBC}") = "WpfAppNavi", "WpfAppNavi\WpfAppNavi.csproj", "{0615EE43-21CA-4C58-BF11-A6C1B25B092B}"
EndProject
Project("{FAE04EC0-301F-11D3-BF4B-00C04F79EFBC}") = "WPFRoutedEvent1", "WPFRoutedEvent1\WPFRoutedEvent1.csproj", "{C6419A96-E61A-461B-ADBC-A09242601327}"
EndProject
Project("{FAE04EC0-301F-11D3-BF4B-00C04F79EFBC}") = "WPFRoutedEvent2", "WPFRoutedEvent2\WPFRoutedEvent2.csproj", "{93EA2531-55DC-4AC5-AD90-2FB4252AE705}"
EndProject
Global
	GlobalSection(SolutionConfigurationPlatforms) = preSolution
		Debug|Any CPU = Debug|Any CPU
		Release|Any CPU = Release|Any CPU
	EndGlobalSection
	GlobalSection(ProjectConfigurationPlatforms) = postSolution
		{E7600843-9A39-4650-B051-12570F0BC560}.Debug|Any CPU.ActiveCfg = Debug|Any CPU
		{E7600843-9A39-4650-B051-12570F0BC560}.Debug|Any CPU.Build.0 = Debug|Any CPU
		{E7600843-9A39-4650-B051-12570F0BC560}.Release|Any CPU.ActiveCfg = Release|Any CPU
		{E7600843-9A39-4650-B051-12570F0BC560}.Release|Any CPU.Build.0 = Release|Any CPU
		{0615EE43-21CA-4C58-BF11-A6C1B25B092B}.Debug|Any CPU.ActiveCfg = Debug|Any CPU
		{0615EE43-21CA-4C58-BF11-A6C1B25B092B}.Debug|Any CPU.Build.0 = Debug|Any CPU
		{0615EE43-21CA-4C58-BF11-A6C1B25B092B}.Release|Any CPU.ActiveCfg = Release|Any CPU
		{0615EE43-21CA-4C58-BF11-A6C1B25B092B}.Release|Any CPU.Build.0 = Release|Any CPU
		{C6419A96-E61A-461B-ADBC-A09242601327}.Debug|Any CPU.ActiveCfg = Debug|Any CPU
		{C6419A96-E61A-461B-ADBC-A09242601327}.Debug|Any CPU.Build.0 = Debug|Any CPU
		{C6419A96-E61A-461B-ADBC-A09242601327}.Release|Any CPU.ActiveCfg = Release|Any CPU
		{C6419A96-E61A-461B-ADBC-A09242601327}.Release|Any CPU.Build.0 = Release|Any CPU
		{93EA2531-55DC-4AC5-AD90-2FB4252AE705}.Debug|Any CPU.ActiveCfg = Debug|Any CPU
		{93EA2531-55DC-4AC5-AD90-2FB4252AE705}.Debug|Any CPU.Build.0 = Debug|Any CPU
		{93EA2531-55DC-4AC5-AD90-2FB4252AE705}.Release|Any CPU.ActiveCfg = Release|Any CPU
		{93EA2531-55DC-4AC5-AD90-2FB4252AE705}.Release|Any CPU.Build.0 = Release|Any CPU
	EndGlobalSection
	GlobalSection(SolutionProperties) = preSolution
		HideSolutionNode = FALSE
	EndGlobalSection
	GlobalSection(ExtensibilityGlobals) = postSolution
		SolutionGuid = {8C4653BC-8310-4150-988E-6DCEF2D6AE2E}
	EndGlobalSection
EndGlobal
